
Microsoft Visual Studio Solution File, Format Version 12.00
# Visual Studio Version 17
VisualStudioVersion = 17.7.34202.233
MinimumVisualStudioVersion = 10.0.40219.1
Project("{FAE04EC0-301F-11D3-BF4B-00C04F79EFBC}") = "PennyPlanner.Server", "PennyPlanner\Server\PennyPlanner.Server.csproj", "{C2837CCF-2F4C-4E0D-83D1-F3C609F63D94}"
EndProject
Project("{FAE04EC0-301F-11D3-BF4B-00C04F79EFBC}") = "PennyPlanner.Client", "PennyPlanner\Client\PennyPlanner.Client.csproj", "{C1BB0F00-FCD5-4D66-9D65-252693BD2D7E}"
EndProject
Project("{FAE04EC0-301F-11D3-BF4B-00C04F79EFBC}") = "PennyPlanner.Shared", "PennyPlanner\Shared\PennyPlanner.Shared.csproj", "{F8905FE5-D861-4B99-911E-6A4973A0818E}"
EndProject
Global
	GlobalSection(SolutionConfigurationPlatforms) = preSolution
		Debug|Any CPU = Debug|Any CPU
		Release|Any CPU = Release|Any CPU
	EndGlobalSection
	GlobalSection(ProjectConfigurationPlatforms) = postSolution
		{C2837CCF-2F4C-4E0D-83D1-F3C609F63D94}.Debug|Any CPU.ActiveCfg = Debug|Any CPU
		{C2837CCF-2F4C-4E0D-83D1-F3C609F63D94}.Debug|Any CPU.Build.0 = Debug|Any CPU
		{C2837CCF-2F4C-4E0D-83D1-F3C609F63D94}.Release|Any CPU.ActiveCfg = Release|Any CPU
		{C2837CCF-2F4C-4E0D-83D1-F3C609F63D94}.Release|Any CPU.Build.0 = Release|Any CPU
		{C1BB0F00-FCD5-4D66-9D65-252693BD2D7E}.Debug|Any CPU.ActiveCfg = Debug|Any CPU
		{C1BB0F00-FCD5-4D66-9D65-252693BD2D7E}.Debug|Any CPU.Build.0 = Debug|Any CPU
		{C1BB0F00-FCD5-4D66-9D65-252693BD2D7E}.Release|Any CPU.ActiveCfg = Release|Any CPU
		{C1BB0F00-FCD5-4D66-9D65-252693BD2D7E}.Release|Any CPU.Build.0 = Release|Any CPU
		{F8905FE5-D861-4B99-911E-6A4973A0818E}.Debug|Any CPU.ActiveCfg = Debug|Any CPU
		{F8905FE5-D861-4B99-911E-6A4973A0818E}.Debug|Any CPU.Build.0 = Debug|Any CPU
		{F8905FE5-D861-4B99-911E-6A4973A0818E}.Release|Any CPU.ActiveCfg = Release|Any CPU
		{F8905FE5-D861-4B99-911E-6A4973A0818E}.Release|Any CPU.Build.0 = Release|Any CPU
	EndGlobalSection
	GlobalSection(SolutionProperties) = preSolution
		HideSolutionNode = FALSE
	EndGlobalSection
	GlobalSection(ExtensibilityGlobals) = postSolution
		SolutionGuid = {7D4D5E7D-C812-4269-9F6C-A72411CED86E}
	EndGlobalSection
EndGlobal
